// !$*UTF8*$!
{
	archiveVersion = 1;
	classes = {
	};
	objectVersion = 77;
	objects = {

/* Begin PBXBuildFile section */
		5A4314552EE798D200003CE3 /* LibParent in Frameworks */ = {isa = PBXBuildFile; productRef = 5A4314542EE798D200003CE3 /* LibParent */; };
		5A4314592EE79A5D00003CE3 /* LibCommonData in Frameworks */ = {isa = PBXBuildFile; productRef = 5A4314582EE79A5D00003CE3 /* LibCommonData */; };
		5A43145B2EE79A6300003CE3 /* LibCommonUi in Frameworks */ = {isa = PBXBuildFile; productRef = 5A43145A2EE79A6300003CE3 /* LibCommonUi */; };
		5A43145E2EE79A9B00003CE3 /* KvColorPalette-iOS in Frameworks */ = {isa = PBXBuildFile; productRef = 5A43145D2EE79A9B00003CE3 /* KvColorPalette-iOS */; };
		5A4314612EE79EC500003CE3 /* UiSplash in Frameworks */ = {isa = PBXBuildFile; productRef = 5A4314602EE79EC500003CE3 /* UiSplash */; };
		5A4314662EE7BB3900003CE3 /* LibNetwork in Frameworks */ = {isa = PBXBuildFile; productRef = 5A4314652EE7BB3900003CE3 /* LibNetwork */; };
		5A4314742EEA50F600003CE3 /* Factory in Frameworks */ = {isa = PBXBuildFile; productRef = 5A4314732EEA50F600003CE3 /* Factory */; };
		5A4314762EEA50F600003CE3 /* FactoryKit in Frameworks */ = {isa = PBXBuildFile; productRef = 5A4314752EEA50F600003CE3 /* FactoryKit */; };
		5AD853D42EFD938B00F8CC0B /* UiAuth in Frameworks */ = {isa = PBXBuildFile; productRef = 5AD853D32EFD938B00F8CC0B /* UiAuth */; };
		5AD8541D2F017B7400F8CC0B /* FirebaseAuth in Frameworks */ = {isa = PBXBuildFile; productRef = 5AD8541C2F017B7400F8CC0B /* FirebaseAuth */; };
		5AD854202F017BF400F8CC0B /* GoogleSignIn in Frameworks */ = {isa = PBXBuildFile; productRef = 5AD8541F2F017BF400F8CC0B /* GoogleSignIn */; };
		5AD854222F017BF400F8CC0B /* GoogleSignInSwift in Frameworks */ = {isa = PBXBuildFile; productRef = 5AD854212F017BF400F8CC0B /* GoogleSignInSwift */; };
		5AF4E91C2F072F69001BBCF1 /* UiDashboard in Frameworks */ = {isa = PBXBuildFile; productRef = 5AF4E91B2F072F69001BBCF1 /* UiDashboard */; };
/* End PBXBuildFile section */

/* Begin PBXFileReference section */
		5A4314372EE77E6000003CE3 /* pbc-ios-app.app */ = {isa = PBXFileReference; explicitFileType = wrapper.application; includeInIndex = 0; path = "pbc-ios-app.app"; sourceTree = BUILT_PRODUCTS_DIR; };
		5A4314522EE797B100003CE3 /* LibParent */ = {isa = PBXFileReference; lastKnownFileType = wrapper; path = LibParent; sourceTree = "<group>"; };
		5A4314562EE7991100003CE3 /* LibCommonUi */ = {isa = PBXFileReference; lastKnownFileType = wrapper; path = LibCommonUi; sourceTree = "<group>"; };
		5A4314572EE7994300003CE3 /* LibCommonData */ = {isa = PBXFileReference; lastKnownFileType = wrapper; path = LibCommonData; sourceTree = "<group>"; };
		5A43145F2EE79CE200003CE3 /* UiSplash */ = {isa = PBXFileReference; lastKnownFileType = wrapper; path = UiSplash; sourceTree = "<group>"; };
		5A4314632EE7B82F00003CE3 /* README.md */ = {isa = PBXFileReference; lastKnownFileType = net.daringfireball.markdown; path = README.md; sourceTree = "<group>"; };
		5A4314642EE7B9AA00003CE3 /* LibNetwork */ = {isa = PBXFileReference; lastKnownFileType = wrapper; path = LibNetwork; sourceTree = "<group>"; };
		5AD853CC2EF3899B00F8CC0B /* UiAuth */ = {isa = PBXFileReference; lastKnownFileType = wrapper; path = UiAuth; sourceTree = "<group>"; };
		5AF4E90F2F072976001BBCF1 /* UiDashboard */ = {isa = PBXFileReference; lastKnownFileType = wrapper; path = UiDashboard; sourceTree = "<group>"; };
/* End PBXFileReference section */

/* Begin PBXFileSystemSynchronizedBuildFileExceptionSet section */
		5AF4E8EF2F02F861001BBCF1 /* Exceptions for "pbc-ios-app" folder in "pbc-ios-app" target */ = {
			isa = PBXFileSystemSynchronizedBuildFileExceptionSet;
			membershipExceptions = (
				Info.plist,
			);
			target = 5A4314362EE77E6000003CE3 /* pbc-ios-app */;
		};
/* End PBXFileSystemSynchronizedBuildFileExceptionSet section */

/* Begin PBXFileSystemSynchronizedRootGroup section */
		5A4314392EE77E6000003CE3 /* pbc-ios-app */ = {
			isa = PBXFileSystemSynchronizedRootGroup;
			exceptions = (
				5AF4E8EF2F02F861001BBCF1 /* Exceptions for "pbc-ios-app" folder in "pbc-ios-app" target */,
			);
			path = "pbc-ios-app";
			sourceTree = "<group>";
		};
/* End PBXFileSystemSynchronizedRootGroup section */

/* Begin PBXFrameworksBuildPhase section */
		5A4314342EE77E6000003CE3 /* Frameworks */ = {
			isa = PBXFrameworksBuildPhase;
			buildActionMask = 2147483647;
			files = (
				5A43145B2EE79A6300003CE3 /* LibCommonUi in Frameworks */,
				5AD8541D2F017B7400F8CC0B /* FirebaseAuth in Frameworks */,
				5AD854202F017BF400F8CC0B /* GoogleSignIn in Frameworks */,
				5AF4E91C2F072F69001BBCF1 /* UiDashboard in Frameworks */,
				5AD854222F017BF400F8CC0B /* GoogleSignInSwift in Frameworks */,
				5A4314612EE79EC500003CE3 /* UiSplash in Frameworks */,
				5A4314762EEA50F600003CE3 /* FactoryKit in Frameworks */,
				5A4314742EEA50F600003CE3 /* Factory in Frameworks */,
				5A43145E2EE79A9B00003CE3 /* KvColorPalette-iOS in Frameworks */,
				5A4314662EE7BB3900003CE3 /* LibNetwork in Frameworks */,
				5AD853D42EFD938B00F8CC0B /* UiAuth in Frameworks */,
				5A4314552EE798D200003CE3 /* LibParent in Frameworks */,
				5A4314592EE79A5D00003CE3 /* LibCommonData in Frameworks */,
			);
			runOnlyForDeploymentPostprocessing = 0;
		};
/* End PBXFrameworksBuildPhase section */

/* Begin PBXGroup section */
		5A43142E2EE77E6000003CE3 = {
			isa = PBXGroup;
			children = (
				5A4314632EE7B82F00003CE3 /* README.md */,
				5A4314392EE77E6000003CE3 /* pbc-ios-app */,
				5A4314522EE797B100003CE3 /* LibParent */,
				5A4314572EE7994300003CE3 /* LibCommonData */,
				5A4314562EE7991100003CE3 /* LibCommonUi */,
				5A4314642EE7B9AA00003CE3 /* LibNetwork */,
				5A43145F2EE79CE200003CE3 /* UiSplash */,
				5AD853CC2EF3899B00F8CC0B /* UiAuth */,
				5AF4E90F2F072976001BBCF1 /* UiDashboard */,
				5A4314532EE798D200003CE3 /* Frameworks */,
				5A4314382EE77E6000003CE3 /* Products */,
			);
			sourceTree = "<group>";
		};
		5A4314382EE77E6000003CE3 /* Products */ = {
			isa = PBXGroup;
			children = (
				5A4314372EE77E6000003CE3 /* pbc-ios-app.app */,
			);
			name = Products;
			sourceTree = "<group>";
		};
		5A4314532EE798D200003CE3 /* Frameworks */ = {
			isa = PBXGroup;
			children = (
			);
			name = Frameworks;
			sourceTree = "<group>";
		};
/* End PBXGroup section */

/* Begin PBXNativeTarget section */
		5A4314362EE77E6000003CE3 /* pbc-ios-app */ = {
			isa = PBXNativeTarget;
			buildConfigurationList = 5A4314422EE77E6100003CE3 /* Build configuration list for PBXNativeTarget "pbc-ios-app" */;
			buildPhases = (
				5A4314332EE77E6000003CE3 /* Sources */,
				5A4314342EE77E6000003CE3 /* Frameworks */,
				5A4314352EE77E6000003CE3 /* Resources */,
			);
			buildRules = (
			);
			dependencies = (
			);
			fileSystemSynchronizedGroups = (
				5A4314392EE77E6000003CE3 /* pbc-ios-app */,
			);
			name = "pbc-ios-app";
			packageProductDependencies = (
				5A4314542EE798D200003CE3 /* LibParent */,
				5A4314582EE79A5D00003CE3 /* LibCommonData */,
				5A43145A2EE79A6300003CE3 /* LibCommonUi */,
				5A43145D2EE79A9B00003CE3 /* KvColorPalette-iOS */,
				5A4314602EE79EC500003CE3 /* UiSplash */,
				5A4314652EE7BB3900003CE3 /* LibNetwork */,
				5A4314732EEA50F600003CE3 /* Factory */,
				5A4314752EEA50F600003CE3 /* FactoryKit */,
				5AD853D32EFD938B00F8CC0B /* UiAuth */,
				5AD8541C2F017B7400F8CC0B /* FirebaseAuth */,
				5AD8541F2F017BF400F8CC0B /* GoogleSignIn */,
				5AD854212F017BF400F8CC0B /* GoogleSignInSwift */,
				5AF4E91B2F072F69001BBCF1 /* UiDashboard */,
			);
			productName = "pbc-ios-app";
			productReference = 5A4314372EE77E6000003CE3 /* pbc-ios-app.app */;
			productType = "com.apple.product-type.application";
		};
/* End PBXNativeTarget section */

/* Begin PBXProject section */
		5A43142F2EE77E6000003CE3 /* Project object */ = {
			isa = PBXProject;
			attributes = {
				BuildIndependentTargetsInParallel = 1;
				LastSwiftUpdateCheck = 2610;
				LastUpgradeCheck = 2610;
				TargetAttributes = {
					5A4314362EE77E6000003CE3 = {
						CreatedOnToolsVersion = 26.1.1;
					};
				};
			};
			buildConfigurationList = 5A4314322EE77E6000003CE3 /* Build configuration list for PBXProject "pbc-ios-app" */;
			developmentRegion = en;
			hasScannedForEncodings = 0;
			knownRegions = (
				en,
				Base,
			);
			mainGroup = 5A43142E2EE77E6000003CE3;
			minimizedProjectReferenceProxies = 1;
			packageReferences = (
				5A43145C2EE79A9B00003CE3 /* XCRemoteSwiftPackageReference "KvColorPalette-iOS" */,
				5A4314722EEA50F600003CE3 /* XCRemoteSwiftPackageReference "Factory" */,
			);
			preferredProjectObjectVersion = 77;
			productRefGroup = 5A4314382EE77E6000003CE3 /* Products */;
			projectDirPath = "";
			projectRoot = "";
			targets = (
				5A4314362EE77E6000003CE3 /* pbc-ios-app */,
			);
		};
/* End PBXProject section */

/* Begin PBXResourcesBuildPhase section */
		5A4314352EE77E6000003CE3 /* Resources */ = {
			isa = PBXResourcesBuildPhase;
			buildActionMask = 2147483647;
			files = (
			);
			runOnlyForDeploymentPostprocessing = 0;
		};
/* End PBXResourcesBuildPhase section */

/* Begin PBXSourcesBuildPhase section */
		5A4314332EE77E6000003CE3 /* Sources */ = {
			isa = PBXSourcesBuildPhase;
			buildActionMask = 2147483647;
			files = (
			);
			runOnlyForDeploymentPostprocessing = 0;
		};
/* End PBXSourcesBuildPhase section */

/* Begin XCBuildConfiguration section */
		5A4314402EE77E6100003CE3 /* Debug */ = {
			isa = XCBuildConfiguration;
			buildSettings = {
				ALWAYS_SEARCH_USER_PATHS = NO;
				ASSETCATALOG_COMPILER_GENERATE_SWIFT_ASSET_SYMBOL_EXTENSIONS = YES;
				CLANG_ANALYZER_NONNULL = YES;
				CLANG_ANALYZER_NUMBER_OBJECT_CONVERSION = YES_AGGRESSIVE;
				CLANG_CXX_LANGUAGE_STANDARD = "gnu++20";
				CLANG_ENABLE_MODULES = YES;
				CLANG_ENABLE_OBJC_ARC = YES;
				CLANG_ENABLE_OBJC_WEAK = YES;
				CLANG_WARN_BLOCK_CAPTURE_AUTORELEASING = YES;
				CLANG_WARN_BOOL_CONVERSION = YES;
				CLANG_WARN_COMMA = YES;
				CLANG_WARN_CONSTANT_CONVERSION = YES;
				CLANG_WARN_DEPRECATED_OBJC_IMPLEMENTATIONS = YES;
				CLANG_WARN_DIRECT_OBJC_ISA_USAGE = YES_ERROR;
				CLANG_WARN_DOCUMENTATION_COMMENTS = YES;
				CLANG_WARN_EMPTY_BODY = YES;
				CLANG_WARN_ENUM_CONVERSION = YES;
				CLANG_WARN_INFINITE_RECURSION = YES;
				CLANG_WARN_INT_CONVERSION = YES;
				CLANG_WARN_NON_LITERAL_NULL_CONVERSION = YES;
				CLANG_WARN_OBJC_IMPLICIT_RETAIN_SELF = YES;
				CLANG_WARN_OBJC_LITERAL_CONVERSION = YES;
				CLANG_WARN_OBJC_ROOT_CLASS = YES_ERROR;
				CLANG_WARN_QUOTED_INCLUDE_IN_FRAMEWORK_HEADER = YES;
				CLANG_WARN_RANGE_LOOP_ANALYSIS = YES;
				CLANG_WARN_STRICT_PROTOTYPES = YES;
				CLANG_WARN_SUSPICIOUS_MOVE = YES;
				CLANG_WARN_UNGUARDED_AVAILABILITY = YES_AGGRESSIVE;
				CLANG_WARN_UNREACHABLE_CODE = YES;
				CLANG_WARN__DUPLICATE_METHOD_MATCH = YES;
				COPY_PHASE_STRIP = NO;
				DEBUG_INFORMATION_FORMAT = dwarf;
				DEVELOPMENT_TEAM = 7G93N9CW8W;
				ENABLE_STRICT_OBJC_MSGSEND = YES;
				ENABLE_TESTABILITY = YES;
				ENABLE_USER_SCRIPT_SANDBOXING = YES;
				GCC_C_LANGUAGE_STANDARD = gnu17;
				GCC_DYNAMIC_NO_PIC = NO;
				GCC_NO_COMMON_BLOCKS = YES;
				GCC_OPTIMIZATION_LEVEL = 0;
				GCC_PREPROCESSOR_DEFINITIONS = (
					"DEBUG=1",
					"$(inherited)",
				);
				GCC_WARN_64_TO_32_BIT_CONVERSION = YES;
				GCC_WARN_ABOUT_RETURN_TYPE = YES_ERROR;
				GCC_WARN_UNDECLARED_SELECTOR = YES;
				GCC_WARN_UNINITIALIZED_AUTOS = YES_AGGRESSIVE;
				GCC_WARN_UNUSED_FUNCTION = YES;
				GCC_WARN_UNUSED_VARIABLE = YES;
				LOCALIZATION_PREFERS_STRING_CATALOGS = YES;
				MTL_ENABLE_DEBUG_INFO = INCLUDE_SOURCE;
				MTL_FAST_MATH = YES;
				ONLY_ACTIVE_ARCH = YES;
				SWIFT_ACTIVE_COMPILATION_CONDITIONS = "DEBUG $(inherited)";
				SWIFT_OPTIMIZATION_LEVEL = "-Onone";
			};
			name = Debug;
		};
		5A4314412EE77E6100003CE3 /* Release */ = {
			isa = XCBuildConfiguration;
			buildSettings = {
				ALWAYS_SEARCH_USER_PATHS = NO;
				ASSETCATALOG_COMPILER_GENERATE_SWIFT_ASSET_SYMBOL_EXTENSIONS = YES;
				CLANG_ANALYZER_NONNULL = YES;
				CLANG_ANALYZER_NUMBER_OBJECT_CONVERSION = YES_AGGRESSIVE;
				CLANG_CXX_LANGUAGE_STANDARD = "gnu++20";
				CLANG_ENABLE_MODULES = YES;
				CLANG_ENABLE_OBJC_ARC = YES;
				CLANG_ENABLE_OBJC_WEAK = YES;
				CLANG_WARN_BLOCK_CAPTURE_AUTORELEASING = YES;
				CLANG_WARN_BOOL_CONVERSION = YES;
				CLANG_WARN_COMMA = YES;
				CLANG_WARN_CONSTANT_CONVERSION = YES;
				CLANG_WARN_DEPRECATED_OBJC_IMPLEMENTATIONS = YES;
				CLANG_WARN_DIRECT_OBJC_ISA_USAGE = YES_ERROR;
				CLANG_WARN_DOCUMENTATION_COMMENTS = YES;
				CLANG_WARN_EMPTY_BODY = YES;
				CLANG_WARN_ENUM_CONVERSION = YES;
				CLANG_WARN_INFINITE_RECURSION = YES;
				CLANG_WARN_INT_CONVERSION = YES;
				CLANG_WARN_NON_LITERAL_NULL_CONVERSION = YES;
				CLANG_WARN_OBJC_IMPLICIT_RETAIN_SELF = YES;
				CLANG_WARN_OBJC_LITERAL_CONVERSION = YES;
				CLANG_WARN_OBJC_ROOT_CLASS = YES_ERROR;
				CLANG_WARN_QUOTED_INCLUDE_IN_FRAMEWORK_HEADER = YES;
				CLANG_WARN_RANGE_LOOP_ANALYSIS = YES;
				CLANG_WARN_STRICT_PROTOTYPES = YES;
				CLANG_WARN_SUSPICIOUS_MOVE = YES;
				CLANG_WARN_UNGUARDED_AVAILABILITY = YES_AGGRESSIVE;
				CLANG_WARN_UNREACHABLE_CODE = YES;
				CLANG_WARN__DUPLICATE_METHOD_MATCH = YES;
				COPY_PHASE_STRIP = NO;
				DEBUG_INFORMATION_FORMAT = "dwarf-with-dsym";
				DEVELOPMENT_TEAM = 7G93N9CW8W;
				ENABLE_NS_ASSERTIONS = NO;
				ENABLE_STRICT_OBJC_MSGSEND = YES;
				ENABLE_USER_SCRIPT_SANDBOXING = YES;
				GCC_C_LANGUAGE_STANDARD = gnu17;
				GCC_NO_COMMON_BLOCKS = YES;
				GCC_WARN_64_TO_32_BIT_CONVERSION = YES;
				GCC_WARN_ABOUT_RETURN_TYPE = YES_ERROR;
				GCC_WARN_UNDECLARED_SELECTOR = YES;
				GCC_WARN_UNINITIALIZED_AUTOS = YES_AGGRESSIVE;
				GCC_WARN_UNUSED_FUNCTION = YES;
				GCC_WARN_UNUSED_VARIABLE = YES;
				LOCALIZATION_PREFERS_STRING_CATALOGS = YES;
				MTL_ENABLE_DEBUG_INFO = NO;
				MTL_FAST_MATH = YES;
				SWIFT_COMPILATION_MODE = wholemodule;
			};
			name = Release;
		};
		5A4314432EE77E6100003CE3 /* Debug */ = {
			isa = XCBuildConfiguration;
			baseConfigurationReferenceAnchor = 5A4314392EE77E6000003CE3 /* pbc-ios-app */;
			baseConfigurationReferenceRelativePath = config/PBCLiveDev.xcconfig;
			buildSettings = {
				ASSETCATALOG_COMPILER_APPICON_NAME = AppIcon;
				ASSETCATALOG_COMPILER_GLOBAL_ACCENT_COLOR_NAME = AccentColor;
				CODE_SIGN_STYLE = Automatic;
				CURRENT_PROJECT_VERSION = 20251202;
				DEVELOPMENT_TEAM = 7G93N9CW8W;
				ENABLE_APP_SANDBOX = YES;
				ENABLE_HARDENED_RUNTIME = YES;
				ENABLE_PREVIEWS = YES;
				ENABLE_USER_SELECTED_FILES = readonly;
				GENERATE_INFOPLIST_FILE = YES;
				INFOPLIST_FILE = "pbc-ios-app/Info.plist";
				INFOPLIST_KEY_CFBundleDisplayName = "PBC-DEV";
				INFOPLIST_KEY_LSApplicationCategoryType = "public.app-category.lifestyle";
				"INFOPLIST_KEY_UIApplicationSceneManifest_Generation[sdk=iphoneos*]" = YES;
				"INFOPLIST_KEY_UIApplicationSceneManifest_Generation[sdk=iphonesimulator*]" = YES;
				"INFOPLIST_KEY_UIApplicationSupportsIndirectInputEvents[sdk=iphoneos*]" = YES;
				"INFOPLIST_KEY_UIApplicationSupportsIndirectInputEvents[sdk=iphonesimulator*]" = YES;
				"INFOPLIST_KEY_UILaunchScreen_Generation[sdk=iphoneos*]" = YES;
				"INFOPLIST_KEY_UILaunchScreen_Generation[sdk=iphonesimulator*]" = YES;
				"INFOPLIST_KEY_UIStatusBarStyle[sdk=iphoneos*]" = UIStatusBarStyleDefault;
				"INFOPLIST_KEY_UIStatusBarStyle[sdk=iphonesimulator*]" = UIStatusBarStyleDefault;
				INFOPLIST_KEY_UISupportedInterfaceOrientations_iPad = "UIInterfaceOrientationPortrait UIInterfaceOrientationPortraitUpsideDown UIInterfaceOrientationLandscapeLeft UIInterfaceOrientationLandscapeRight";
				INFOPLIST_KEY_UISupportedInterfaceOrientations_iPhone = "UIInterfaceOrientationPortrait UIInterfaceOrientationLandscapeLeft UIInterfaceOrientationLandscapeRight";
				IPHONEOS_DEPLOYMENT_TARGET = 18.6;
				LD_RUNPATH_SEARCH_PATHS = "@executable_path/Frameworks";
				"LD_RUNPATH_SEARCH_PATHS[sdk=macosx*]" = "@executable_path/../Frameworks";
				MACOSX_DEPLOYMENT_TARGET = 26.1;
				MARKETING_VERSION = 2025.1.0;
				PRODUCT_BUNDLE_IDENTIFIER = com.kavi.pbc.ios.app.debug;
				PRODUCT_NAME = "$(TARGET_NAME)";
				REGISTER_APP_GROUPS = YES;
				SDKROOT = auto;
				STRING_CATALOG_GENERATE_SYMBOLS = YES;
				SUPPORTED_PLATFORMS = "iphoneos iphonesimulator";
				SUPPORTS_MACCATALYST = NO;
				SWIFT_ACTIVE_COMPILATION_CONDITIONS = "DEBUG DEV";
				SWIFT_APPROACHABLE_CONCURRENCY = YES;
				SWIFT_DEFAULT_ACTOR_ISOLATION = MainActor;
				SWIFT_EMIT_LOC_STRINGS = YES;
				SWIFT_UPCOMING_FEATURE_MEMBER_IMPORT_VISIBILITY = YES;
				SWIFT_VERSION = 5.0;
				TARGETED_DEVICE_FAMILY = "1,2";
				XROS_DEPLOYMENT_TARGET = 26.1;
			};
			name = Debug;
		};
		5A4314442EE77E6100003CE3 /* Release */ = {
			isa = XCBuildConfiguration;
			baseConfigurationReferenceAnchor = 5A4314392EE77E6000003CE3 /* pbc-ios-app */;
			baseConfigurationReferenceRelativePath = config/PBCLive.xcconfig;
			buildSettings = {
				ASSETCATALOG_COMPILER_APPICON_NAME = AppIcon;
				ASSETCATALOG_COMPILER_GLOBAL_ACCENT_COLOR_NAME = AccentColor;
				CODE_SIGN_STYLE = Automatic;
				CURRENT_PROJECT_VERSION = 20251202;
				DEVELOPMENT_TEAM = 7G93N9CW8W;
				ENABLE_APP_SANDBOX = YES;
				ENABLE_HARDENED_RUNTIME = YES;
				ENABLE_PREVIEWS = YES;
				ENABLE_USER_SELECTED_FILES = readonly;
				GENERATE_INFOPLIST_FILE = YES;
				INFOPLIST_FILE = "pbc-ios-app/Info.plist";
				INFOPLIST_KEY_CFBundleDisplayName = PBC;
				INFOPLIST_KEY_LSApplicationCategoryType = "public.app-category.lifestyle";
				"INFOPLIST_KEY_UIApplicationSceneManifest_Generation[sdk=iphoneos*]" = YES;
				"INFOPLIST_KEY_UIApplicationSceneManifest_Generation[sdk=iphonesimulator*]" = YES;
				"INFOPLIST_KEY_UIApplicationSupportsIndirectInputEvents[sdk=iphoneos*]" = YES;
				"INFOPLIST_KEY_UIApplicationSupportsIndirectInputEvents[sdk=iphonesimulator*]" = YES;
				"INFOPLIST_KEY_UILaunchScreen_Generation[sdk=iphoneos*]" = YES;
				"INFOPLIST_KEY_UILaunchScreen_Generation[sdk=iphonesimulator*]" = YES;
				"INFOPLIST_KEY_UIStatusBarStyle[sdk=iphoneos*]" = UIStatusBarStyleDefault;
				"INFOPLIST_KEY_UIStatusBarStyle[sdk=iphonesimulator*]" = UIStatusBarStyleDefault;
				INFOPLIST_KEY_UISupportedInterfaceOrientations_iPad = "UIInterfaceOrientationPortrait UIInterfaceOrientationPortraitUpsideDown UIInterfaceOrientationLandscapeLeft UIInterfaceOrientationLandscapeRight";
				INFOPLIST_KEY_UISupportedInterfaceOrientations_iPhone = "UIInterfaceOrientationPortrait UIInterfaceOrientationLandscapeLeft UIInterfaceOrientationLandscapeRight";
				IPHONEOS_DEPLOYMENT_TARGET = 18.6;
				LD_RUNPATH_SEARCH_PATHS = "@executable_path/Frameworks";
				"LD_RUNPATH_SEARCH_PATHS[sdk=macosx*]" = "@executable_path/../Frameworks";
				MACOSX_DEPLOYMENT_TARGET = 26.1;
				MARKETING_VERSION = 2025.1.0;
				PRODUCT_BUNDLE_IDENTIFIER = com.kavi.pbc.ios.app;
				PRODUCT_NAME = "$(TARGET_NAME)";
				REGISTER_APP_GROUPS = YES;
				SDKROOT = auto;
				STRING_CATALOG_GENERATE_SYMBOLS = YES;
				SUPPORTED_PLATFORMS = "iphoneos iphonesimulator";
				SUPPORTS_MACCATALYST = NO;
				SWIFT_ACTIVE_COMPILATION_CONDITIONS = PROD;
				SWIFT_APPROACHABLE_CONCURRENCY = YES;
				SWIFT_DEFAULT_ACTOR_ISOLATION = MainActor;
				SWIFT_EMIT_LOC_STRINGS = YES;
				SWIFT_UPCOMING_FEATURE_MEMBER_IMPORT_VISIBILITY = YES;
				SWIFT_VERSION = 5.0;
				TARGETED_DEVICE_FAMILY = "1,2";
				XROS_DEPLOYMENT_TARGET = 26.1;
			};
			name = Release;
		};
		5AF4E8E02F02EEB3001BBCF1 /* Staging-Debug */ = {
			isa = XCBuildConfiguration;
			buildSettings = {
				ALWAYS_SEARCH_USER_PATHS = NO;
				ASSETCATALOG_COMPILER_GENERATE_SWIFT_ASSET_SYMBOL_EXTENSIONS = YES;
				CLANG_ANALYZER_NONNULL = YES;
				CLANG_ANALYZER_NUMBER_OBJECT_CONVERSION = YES_AGGRESSIVE;
				CLANG_CXX_LANGUAGE_STANDARD = "gnu++20";
				CLANG_ENABLE_MODULES = YES;
				CLANG_ENABLE_OBJC_ARC = YES;
				CLANG_ENABLE_OBJC_WEAK = YES;
				CLANG_WARN_BLOCK_CAPTURE_AUTORELEASING = YES;
				CLANG_WARN_BOOL_CONVERSION = YES;
				CLANG_WARN_COMMA = YES;
				CLANG_WARN_CONSTANT_CONVERSION = YES;
				CLANG_WARN_DEPRECATED_OBJC_IMPLEMENTATIONS = YES;
				CLANG_WARN_DIRECT_OBJC_ISA_USAGE = YES_ERROR;
				CLANG_WARN_DOCUMENTATION_COMMENTS = YES;
				CLANG_WARN_EMPTY_BODY = YES;
				CLANG_WARN_ENUM_CONVERSION = YES;
				CLANG_WARN_INFINITE_RECURSION = YES;
				CLANG_WARN_INT_CONVERSION = YES;
				CLANG_WARN_NON_LITERAL_NULL_CONVERSION = YES;
				CLANG_WARN_OBJC_IMPLICIT_RETAIN_SELF = YES;
				CLANG_WARN_OBJC_LITERAL_CONVERSION = YES;
				CLANG_WARN_OBJC_ROOT_CLASS = YES_ERROR;
				CLANG_WARN_QUOTED_INCLUDE_IN_FRAMEWORK_HEADER = YES;
				CLANG_WARN_RANGE_LOOP_ANALYSIS = YES;
				CLANG_WARN_STRICT_PROTOTYPES = YES;
				CLANG_WARN_SUSPICIOUS_MOVE = YES;
				CLANG_WARN_UNGUARDED_AVAILABILITY = YES_AGGRESSIVE;
				CLANG_WARN_UNREACHABLE_CODE = YES;
				CLANG_WARN__DUPLICATE_METHOD_MATCH = YES;
				COPY_PHASE_STRIP = NO;
				DEBUG_INFORMATION_FORMAT = dwarf;
				DEVELOPMENT_TEAM = 7G93N9CW8W;
				ENABLE_STRICT_OBJC_MSGSEND = YES;
				ENABLE_TESTABILITY = YES;
				ENABLE_USER_SCRIPT_SANDBOXING = YES;
				GCC_C_LANGUAGE_STANDARD = gnu17;
				GCC_DYNAMIC_NO_PIC = NO;
				GCC_NO_COMMON_BLOCKS = YES;
				GCC_OPTIMIZATION_LEVEL = 0;
				GCC_PREPROCESSOR_DEFINITIONS = (
					"DEBUG=1",
					"$(inherited)",
				);
				GCC_WARN_64_TO_32_BIT_CONVERSION = YES;
				GCC_WARN_ABOUT_RETURN_TYPE = YES_ERROR;
				GCC_WARN_UNDECLARED_SELECTOR = YES;
				GCC_WARN_UNINITIALIZED_AUTOS = YES_AGGRESSIVE;
				GCC_WARN_UNUSED_FUNCTION = YES;
				GCC_WARN_UNUSED_VARIABLE = YES;
				LOCALIZATION_PREFERS_STRING_CATALOGS = YES;
				MTL_ENABLE_DEBUG_INFO = INCLUDE_SOURCE;
				MTL_FAST_MATH = YES;
				ONLY_ACTIVE_ARCH = YES;
				SWIFT_ACTIVE_COMPILATION_CONDITIONS = "DEBUG $(inherited)";
				SWIFT_OPTIMIZATION_LEVEL = "-Onone";
			};
			name = "Staging-Debug";
		};
		5AF4E8E12F02EEB3001BBCF1 /* Staging-Debug */ = {
			isa = XCBuildConfiguration;
			baseConfigurationReferenceAnchor = 5A4314392EE77E6000003CE3 /* pbc-ios-app */;
			baseConfigurationReferenceRelativePath = config/PBCLiveSTAGING.xcconfig;
			buildSettings = {
				ASSETCATALOG_COMPILER_APPICON_NAME = AppIcon;
				ASSETCATALOG_COMPILER_GLOBAL_ACCENT_COLOR_NAME = AccentColor;
				CODE_SIGN_STYLE = Automatic;
				CURRENT_PROJECT_VERSION = 20251202;
				DEVELOPMENT_TEAM = 7G93N9CW8W;
				ENABLE_APP_SANDBOX = YES;
				ENABLE_HARDENED_RUNTIME = YES;
				ENABLE_PREVIEWS = YES;
				ENABLE_USER_SELECTED_FILES = readonly;
				GENERATE_INFOPLIST_FILE = YES;
				INFOPLIST_FILE = "pbc-ios-app/Info.plist";
				INFOPLIST_KEY_CFBundleDisplayName = "PBC-STAGING";
				INFOPLIST_KEY_LSApplicationCategoryType = "public.app-category.lifestyle";
				"INFOPLIST_KEY_UIApplicationSceneManifest_Generation[sdk=iphoneos*]" = YES;
				"INFOPLIST_KEY_UIApplicationSceneManifest_Generation[sdk=iphonesimulator*]" = YES;
				"INFOPLIST_KEY_UIApplicationSupportsIndirectInputEvents[sdk=iphoneos*]" = YES;
				"INFOPLIST_KEY_UIApplicationSupportsIndirectInputEvents[sdk=iphonesimulator*]" = YES;
				"INFOPLIST_KEY_UILaunchScreen_Generation[sdk=iphoneos*]" = YES;
				"INFOPLIST_KEY_UILaunchScreen_Generation[sdk=iphonesimulator*]" = YES;
				"INFOPLIST_KEY_UIStatusBarStyle[sdk=iphoneos*]" = UIStatusBarStyleDefault;
				"INFOPLIST_KEY_UIStatusBarStyle[sdk=iphonesimulator*]" = UIStatusBarStyleDefault;
				INFOPLIST_KEY_UISupportedInterfaceOrientations_iPad = "UIInterfaceOrientationPortrait UIInterfaceOrientationPortraitUpsideDown UIInterfaceOrientationLandscapeLeft UIInterfaceOrientationLandscapeRight";
				INFOPLIST_KEY_UISupportedInterfaceOrientations_iPhone = "UIInterfaceOrientationPortrait UIInterfaceOrientationLandscapeLeft UIInterfaceOrientationLandscapeRight";
				IPHONEOS_DEPLOYMENT_TARGET = 18.6;
				LD_RUNPATH_SEARCH_PATHS = "@executable_path/Frameworks";
				"LD_RUNPATH_SEARCH_PATHS[sdk=macosx*]" = "@executable_path/../Frameworks";
				MACOSX_DEPLOYMENT_TARGET = 26.1;
				MARKETING_VERSION = 2025.1.0;
				PRODUCT_BUNDLE_IDENTIFIER = com.kavi.pbc.ios.app.debug;
				PRODUCT_NAME = "$(TARGET_NAME)";
				REGISTER_APP_GROUPS = YES;
				SDKROOT = auto;
				STRING_CATALOG_GENERATE_SYMBOLS = YES;
				SUPPORTED_PLATFORMS = "iphoneos iphonesimulator";
				SUPPORTS_MACCATALYST = NO;
				SWIFT_ACTIVE_COMPILATION_CONDITIONS = "STAGING $(inherited)";
				SWIFT_APPROACHABLE_CONCURRENCY = YES;
				SWIFT_DEFAULT_ACTOR_ISOLATION = MainActor;
				SWIFT_EMIT_LOC_STRINGS = YES;
				SWIFT_UPCOMING_FEATURE_MEMBER_IMPORT_VISIBILITY = YES;
				SWIFT_VERSION = 5.0;
				TARGETED_DEVICE_FAMILY = "1,2";
				XROS_DEPLOYMENT_TARGET = 26.1;
			};
			name = "Staging-Debug";
		};
		5AF4E8E22F02EF6A001BBCF1 /* Staging-Release */ = {
			isa = XCBuildConfiguration;
			buildSettings = {
				ALWAYS_SEARCH_USER_PATHS = NO;
				ASSETCATALOG_COMPILER_GENERATE_SWIFT_ASSET_SYMBOL_EXTENSIONS = YES;
				CLANG_ANALYZER_NONNULL = YES;
				CLANG_ANALYZER_NUMBER_OBJECT_CONVERSION = YES_AGGRESSIVE;
				CLANG_CXX_LANGUAGE_STANDARD = "gnu++20";
				CLANG_ENABLE_MODULES = YES;
				CLANG_ENABLE_OBJC_ARC = YES;
				CLANG_ENABLE_OBJC_WEAK = YES;
				CLANG_WARN_BLOCK_CAPTURE_AUTORELEASING = YES;
				CLANG_WARN_BOOL_CONVERSION = YES;
				CLANG_WARN_COMMA = YES;
				CLANG_WARN_CONSTANT_CONVERSION = YES;
				CLANG_WARN_DEPRECATED_OBJC_IMPLEMENTATIONS = YES;
				CLANG_WARN_DIRECT_OBJC_ISA_USAGE = YES_ERROR;
				CLANG_WARN_DOCUMENTATION_COMMENTS = YES;
				CLANG_WARN_EMPTY_BODY = YES;
				CLANG_WARN_ENUM_CONVERSION = YES;
				CLANG_WARN_INFINITE_RECURSION = YES;
				CLANG_WARN_INT_CONVERSION = YES;
				CLANG_WARN_NON_LITERAL_NULL_CONVERSION = YES;
				CLANG_WARN_OBJC_IMPLICIT_RETAIN_SELF = YES;
				CLANG_WARN_OBJC_LITERAL_CONVERSION = YES;
				CLANG_WARN_OBJC_ROOT_CLASS = YES_ERROR;
				CLANG_WARN_QUOTED_INCLUDE_IN_FRAMEWORK_HEADER = YES;
				CLANG_WARN_RANGE_LOOP_ANALYSIS = YES;
				CLANG_WARN_STRICT_PROTOTYPES = YES;
				CLANG_WARN_SUSPICIOUS_MOVE = YES;
				CLANG_WARN_UNGUARDED_AVAILABILITY = YES_AGGRESSIVE;
				CLANG_WARN_UNREACHABLE_CODE = YES;
				CLANG_WARN__DUPLICATE_METHOD_MATCH = YES;
				COPY_PHASE_STRIP = NO;
				DEBUG_INFORMATION_FORMAT = "dwarf-with-dsym";
				DEVELOPMENT_TEAM = 7G93N9CW8W;
				ENABLE_NS_ASSERTIONS = NO;
				ENABLE_STRICT_OBJC_MSGSEND = YES;
				ENABLE_USER_SCRIPT_SANDBOXING = YES;
				GCC_C_LANGUAGE_STANDARD = gnu17;
				GCC_NO_COMMON_BLOCKS = YES;
				GCC_WARN_64_TO_32_BIT_CONVERSION = YES;
				GCC_WARN_ABOUT_RETURN_TYPE = YES_ERROR;
				GCC_WARN_UNDECLARED_SELECTOR = YES;
				GCC_WARN_UNINITIALIZED_AUTOS = YES_AGGRESSIVE;
				GCC_WARN_UNUSED_FUNCTION = YES;
				GCC_WARN_UNUSED_VARIABLE = YES;
				LOCALIZATION_PREFERS_STRING_CATALOGS = YES;
				MTL_ENABLE_DEBUG_INFO = NO;
				MTL_FAST_MATH = YES;
				SWIFT_COMPILATION_MODE = wholemodule;
			};
			name = "Staging-Release";
		};
		5AF4E8E32F02EF6A001BBCF1 /* Staging-Release */ = {
			isa = XCBuildConfiguration;
			baseConfigurationReferenceAnchor = 5A4314392EE77E6000003CE3 /* pbc-ios-app */;
			baseConfigurationReferenceRelativePath = config/PBCLiveSTAGING.xcconfig;
			buildSettings = {
				ASSETCATALOG_COMPILER_APPICON_NAME = AppIcon;
				ASSETCATALOG_COMPILER_GLOBAL_ACCENT_COLOR_NAME = AccentColor;
				CODE_SIGN_STYLE = Automatic;
				CURRENT_PROJECT_VERSION = 20251202;
				DEVELOPMENT_TEAM = 7G93N9CW8W;
				ENABLE_APP_SANDBOX = YES;
				ENABLE_HARDENED_RUNTIME = YES;
				ENABLE_PREVIEWS = YES;
				ENABLE_USER_SELECTED_FILES = readonly;
				GENERATE_INFOPLIST_FILE = YES;
				INFOPLIST_FILE = "pbc-ios-app/Info.plist";
				INFOPLIST_KEY_CFBundleDisplayName = "PBC-STAGING";
				INFOPLIST_KEY_LSApplicationCategoryType = "public.app-category.lifestyle";
				"INFOPLIST_KEY_UIApplicationSceneManifest_Generation[sdk=iphoneos*]" = YES;
				"INFOPLIST_KEY_UIApplicationSceneManifest_Generation[sdk=iphonesimulator*]" = YES;
				"INFOPLIST_KEY_UIApplicationSupportsIndirectInputEvents[sdk=iphoneos*]" = YES;
				"INFOPLIST_KEY_UIApplicationSupportsIndirectInputEvents[sdk=iphonesimulator*]" = YES;
				"INFOPLIST_KEY_UILaunchScreen_Generation[sdk=iphoneos*]" = YES;
				"INFOPLIST_KEY_UILaunchScreen_Generation[sdk=iphonesimulator*]" = YES;
				"INFOPLIST_KEY_UIStatusBarStyle[sdk=iphoneos*]" = UIStatusBarStyleDefault;
				"INFOPLIST_KEY_UIStatusBarStyle[sdk=iphonesimulator*]" = UIStatusBarStyleDefault;
				INFOPLIST_KEY_UISupportedInterfaceOrientations_iPad = "UIInterfaceOrientationPortrait UIInterfaceOrientationPortraitUpsideDown UIInterfaceOrientationLandscapeLeft UIInterfaceOrientationLandscapeRight";
				INFOPLIST_KEY_UISupportedInterfaceOrientations_iPhone = "UIInterfaceOrientationPortrait UIInterfaceOrientationLandscapeLeft UIInterfaceOrientationLandscapeRight";
				IPHONEOS_DEPLOYMENT_TARGET = 18.6;
				LD_RUNPATH_SEARCH_PATHS = "@executable_path/Frameworks";
				"LD_RUNPATH_SEARCH_PATHS[sdk=macosx*]" = "@executable_path/../Frameworks";
				MACOSX_DEPLOYMENT_TARGET = 26.1;
				MARKETING_VERSION = 2025.1.0;
				PRODUCT_BUNDLE_IDENTIFIER = com.kavi.pbc.ios.app.debug;
				PRODUCT_NAME = "$(TARGET_NAME)";
				REGISTER_APP_GROUPS = YES;
				SDKROOT = auto;
				STRING_CATALOG_GENERATE_SYMBOLS = YES;
				SUPPORTED_PLATFORMS = "iphoneos iphonesimulator";
				SUPPORTS_MACCATALYST = NO;
				SWIFT_ACTIVE_COMPILATION_CONDITIONS = STAGING;
				SWIFT_APPROACHABLE_CONCURRENCY = YES;
				SWIFT_DEFAULT_ACTOR_ISOLATION = MainActor;
				SWIFT_EMIT_LOC_STRINGS = YES;
				SWIFT_UPCOMING_FEATURE_MEMBER_IMPORT_VISIBILITY = YES;
				SWIFT_VERSION = 5.0;
				TARGETED_DEVICE_FAMILY = "1,2";
				XROS_DEPLOYMENT_TARGET = 26.1;
			};
			name = "Staging-Release";
		};
/* End XCBuildConfiguration section */

/* Begin XCConfigurationList section */
		5A4314322EE77E6000003CE3 /* Build configuration list for PBXProject "pbc-ios-app" */ = {
			isa = XCConfigurationList;
			buildConfigurations = (
				5A4314402EE77E6100003CE3 /* Debug */,
				5AF4E8E02F02EEB3001BBCF1 /* Staging-Debug */,
				5A4314412EE77E6100003CE3 /* Release */,
				5AF4E8E22F02EF6A001BBCF1 /* Staging-Release */,
			);
			defaultConfigurationIsVisible = 0;
			defaultConfigurationName = Release;
		};
		5A4314422EE77E6100003CE3 /* Build configuration list for PBXNativeTarget "pbc-ios-app" */ = {
			isa = XCConfigurationList;
			buildConfigurations = (
				5A4314432EE77E6100003CE3 /* Debug */,
				5AF4E8E12F02EEB3001BBCF1 /* Staging-Debug */,
				5A4314442EE77E6100003CE3 /* Release */,
				5AF4E8E32F02EF6A001BBCF1 /* Staging-Release */,
			);
			defaultConfigurationIsVisible = 0;
			defaultConfigurationName = Release;
		};
/* End XCConfigurationList section */

/* Begin XCRemoteSwiftPackageReference section */
		5A43145C2EE79A9B00003CE3 /* XCRemoteSwiftPackageReference "KvColorPalette-iOS" */ = {
			isa = XCRemoteSwiftPackageReference;
			repositoryURL = "https://github.com/KvColorPalette/KvColorPalette-iOS";
			requirement = {
				kind = upToNextMajorVersion;
				minimumVersion = 2.0.1;
			};
		};
		5A4314722EEA50F600003CE3 /* XCRemoteSwiftPackageReference "Factory" */ = {
			isa = XCRemoteSwiftPackageReference;
			repositoryURL = "https://github.com/hmlongco/Factory";
			requirement = {
				kind = upToNextMajorVersion;
				minimumVersion = 2.5.3;
			};
		};
/* End XCRemoteSwiftPackageReference section */

/* Begin XCSwiftPackageProductDependency section */
		5A4314542EE798D200003CE3 /* LibParent */ = {
			isa = XCSwiftPackageProductDependency;
			productName = LibParent;
		};
		5A4314582EE79A5D00003CE3 /* LibCommonData */ = {
			isa = XCSwiftPackageProductDependency;
			productName = LibCommonData;
		};
		5A43145A2EE79A6300003CE3 /* LibCommonUi */ = {
			isa = XCSwiftPackageProductDependency;
			productName = LibCommonUi;
		};
		5A43145D2EE79A9B00003CE3 /* KvColorPalette-iOS */ = {
			isa = XCSwiftPackageProductDependency;
			package = 5A43145C2EE79A9B00003CE3 /* XCRemoteSwiftPackageReference "KvColorPalette-iOS" */;
			productName = "KvColorPalette-iOS";
		};
		5A4314602EE79EC500003CE3 /* UiSplash */ = {
			isa = XCSwiftPackageProductDependency;
			productName = UiSplash;
		};
		5A4314652EE7BB3900003CE3 /* LibNetwork */ = {
			isa = XCSwiftPackageProductDependency;
			productName = LibNetwork;
		};
		5A4314732EEA50F600003CE3 /* Factory */ = {
			isa = XCSwiftPackageProductDependency;
			package = 5A4314722EEA50F600003CE3 /* XCRemoteSwiftPackageReference "Factory" */;
			productName = Factory;
		};
		5A4314752EEA50F600003CE3 /* FactoryKit */ = {
			isa = XCSwiftPackageProductDependency;
			package = 5A4314722EEA50F600003CE3 /* XCRemoteSwiftPackageReference "Factory" */;
			productName = FactoryKit;
		};
		5AD853D32EFD938B00F8CC0B /* UiAuth */ = {
			isa = XCSwiftPackageProductDependency;
			productName = UiAuth;
		};
		5AD8541C2F017B7400F8CC0B /* FirebaseAuth */ = {
			isa = XCSwiftPackageProductDependency;
			productName = FirebaseAuth;
		};
		5AD8541F2F017BF400F8CC0B /* GoogleSignIn */ = {
			isa = XCSwiftPackageProductDependency;
			productName = GoogleSignIn;
		};
		5AD854212F017BF400F8CC0B /* GoogleSignInSwift */ = {
			isa = XCSwiftPackageProductDependency;
			productName = GoogleSignInSwift;
		};
		5AF4E91B2F072F69001BBCF1 /* UiDashboard */ = {
			isa = XCSwiftPackageProductDependency;
			productName = UiDashboard;
		};
/* End XCSwiftPackageProductDependency section */
	};
	rootObject = 5A43142F2EE77E6000003CE3 /* Project object */;
}
