{
  "originHash" : "74217d9723776cc9b5608efba66fb1527b23fde983d67ffd85d33389459fd216",
  "pins" : [
    {
      "identity" : "alamofire",
      "kind" : "remoteSourceControl",
      "location" : "https://github.com/Alamofire/Alamofire.git",
      "state" : {
        "revision" : "513364f870f6bfc468f9d2ff0a95caccc10044c5",
        "version" : "5.10.2"
      }
    },
    {
      "identity" : "kvcolorpalette-ios",
      "kind" : "remoteSourceControl",
      "location" : "https://github.com/KvColorPalette/KvColorPalette-iOS",
      "state" : {
        "revision" : "cc3750cd538b98c720593cee4b5f08433ddd31d2",
        "version" : "2.0.1"
      }
    }
  ],
  "version" : 3
}
