{
  "originHash" : "cbc32ee73da856fe116bf15a48a25dbdc67c29f9092508c1793ee9e96de85458",
  "pins" : [
    {
      "identity" : "alamofire",
      "kind" : "remoteSourceControl",
      "location" : "https://github.com/Alamofire/Alamofire.git",
      "state" : {
        "revision" : "513364f870f6bfc468f9d2ff0a95caccc10044c5",
        "version" : "5.10.2"
      }
    },
    {
      "identity" : "factory",
      "kind" : "remoteSourceControl",
      "location" : "https://github.com/hmlongco/Factory",
      "state" : {
        "revision" : "ccc898f21992ebc130bc04cc197460a5ae230bcf",
        "version" : "2.5.3"
      }
    },
    {
      "identity" : "kvcolorpalette-ios",
      "kind" : "remoteSourceControl",
      "location" : "https://github.com/KvColorPalette/KvColorPalette-iOS",
      "state" : {
        "revision" : "cc3750cd538b98c720593cee4b5f08433ddd31d2",
        "version" : "2.0.1"
      }
    }
  ],
  "version" : 3
}
